github.com/go-telegram/bot v1.2.1 h1:FkrixLCtMtPUQAN4plXdNElbhkdXkx2p68YPXKBruDg=
github.com/go-telegram/bot v1.2.1/go.mod h1:i2TRs7fXWIeaceF3z7KzsMt/he0TwkVC680mvdTFYeM=
github.com/go-telegram/ui v0.3.1 h1:3mAlx0Z3hygFgbsZm64WMWt4TLUe0b5c8u7EYPViwJc=
github.com/go-telegram/ui v0.3.1/go.mod h1:QbZbHcP+Ge9T/vypsmkAzedtzLO1sobK4zEACDgRwJA=
github.com/joho/godotenv v1.5.1 h1:7eLL/+HRGLY0ldzfGMeQkb7vMd0as4CfYvUVzLqw0N0=
github.com/joho/godotenv v1.5.1/go.mod h1:f4LDr5Voq0i2e/R5DDNOoa2zzDfwtkZa6DnEwAbqwq4=
